
Microsoft Visual Studio Solution File, Format Version 12.00
# Visual Studio Version 16
VisualStudioVersion = 16.0.30413.136
MinimumVisualStudioVersion = 10.0.40219.1
Project("{FAE04EC0-301F-11D3-BF4B-00C04F79EFBC}") = "PoolManagementDesktop", "PoolManagementDesktop\PoolManagementDesktop.csproj", "{4ADB0B7A-3040-49C6-8717-2450231AEE3B}"
EndProject
Global
	GlobalSection(SolutionConfigurationPlatforms) = preSolution
		Debug|Any CPU = Debug|Any CPU
		Release|Any CPU = Release|Any CPU
	EndGlobalSection
	GlobalSection(ProjectConfigurationPlatforms) = postSolution
		{4ADB0B7A-3040-49C6-8717-2450231AEE3B}.Debug|Any CPU.ActiveCfg = Debug|Any CPU
		{4ADB0B7A-3040-49C6-8717-2450231AEE3B}.Debug|Any CPU.Build.0 = Debug|Any CPU
		{4ADB0B7A-3040-49C6-8717-2450231AEE3B}.Release|Any CPU.ActiveCfg = Release|Any CPU
		{4ADB0B7A-3040-49C6-8717-2450231AEE3B}.Release|Any CPU.Build.0 = Release|Any CPU
	EndGlobalSection
	GlobalSection(SolutionProperties) = preSolution
		HideSolutionNode = FALSE
	EndGlobalSection
	GlobalSection(ExtensibilityGlobals) = postSolution
		SolutionGuid = {052E93E2-729E-43B8-9AAC-97D50EAB3ED0}
	EndGlobalSection
EndGlobal
